Microsoft Visual Studio Solution File, Format Version 11.00
# Visual Studio 2008

Project("{AF13260F-29CD-D4A6-9127-82E8A75EBE41}") = "JenniUnityProyecto", "Assembly-CSharp-firstpass.csproj", "{15C8836D-D69D-7BDC-4409-950FA11BFD19}"
EndProject
Project("{AF13260F-29CD-D4A6-9127-82E8A75EBE41}") = "JenniUnityProyecto", "Assembly-CSharp.csproj", "{8B6F96CB-47E9-2F54-C044-8755616945D3}"
EndProject
Project("{AF13260F-29CD-D4A6-9127-82E8A75EBE41}") = "JenniUnityProyecto", "Assembly-CSharp-Editor.csproj", "{658F1DC6-28BD-7EA8-FC7D-0D9D511E9C6E}"
EndProject
Project("{AF13260F-29CD-D4A6-9127-82E8A75EBE41}") = "JenniUnityProyecto", "Assembly-UnityScript.unityproj", "{B82FF1FC-2892-4CBB-866F-E6300F9C7F3A}"
EndProject
Global
	GlobalSection(SolutionConfigurationPlatforms) = preSolution
		Debug|Any CPU = Debug|Any CPU
		Release|Any CPU = Release|Any CPU
	EndGlobalSection
	GlobalSection(ProjectConfigurationPlatforms) = postSolution
		{15C8836D-D69D-7BDC-4409-950FA11BFD19}.Debug|Any CPU.ActiveCfg = Debug|Any CPU
		{15C8836D-D69D-7BDC-4409-950FA11BFD19}.Debug|Any CPU.Build.0 = Debug|Any CPU
		{15C8836D-D69D-7BDC-4409-950FA11BFD19}.Release|Any CPU.ActiveCfg = Release|Any CPU
		{15C8836D-D69D-7BDC-4409-950FA11BFD19}.Release|Any CPU.Build.0 = Release|Any CPU
		{8B6F96CB-47E9-2F54-C044-8755616945D3}.Debug|Any CPU.ActiveCfg = Debug|Any CPU
		{8B6F96CB-47E9-2F54-C044-8755616945D3}.Debug|Any CPU.Build.0 = Debug|Any CPU
		{8B6F96CB-47E9-2F54-C044-8755616945D3}.Release|Any CPU.ActiveCfg = Release|Any CPU
		{8B6F96CB-47E9-2F54-C044-8755616945D3}.Release|Any CPU.Build.0 = Release|Any CPU
		{658F1DC6-28BD-7EA8-FC7D-0D9D511E9C6E}.Debug|Any CPU.ActiveCfg = Debug|Any CPU
		{658F1DC6-28BD-7EA8-FC7D-0D9D511E9C6E}.Debug|Any CPU.Build.0 = Debug|Any CPU
		{658F1DC6-28BD-7EA8-FC7D-0D9D511E9C6E}.Release|Any CPU.ActiveCfg = Release|Any CPU
		{658F1DC6-28BD-7EA8-FC7D-0D9D511E9C6E}.Release|Any CPU.Build.0 = Release|Any CPU
		{B82FF1FC-2892-4CBB-866F-E6300F9C7F3A}.Debug|Any CPU.ActiveCfg = Debug|Any CPU
		{B82FF1FC-2892-4CBB-866F-E6300F9C7F3A}.Debug|Any CPU.Build.0 = Debug|Any CPU
		{B82FF1FC-2892-4CBB-866F-E6300F9C7F3A}.Release|Any CPU.ActiveCfg = Release|Any CPU
		{B82FF1FC-2892-4CBB-866F-E6300F9C7F3A}.Release|Any CPU.Build.0 = Release|Any CPU
	EndGlobalSection
	GlobalSection(SolutionProperties) = preSolution
		HideSolutionNode = FALSE
	EndGlobalSection
																																																																														GlobalSection(MonoDevelopProperties) = preSolution
		StartupItem = Assembly-CSharp.csproj
		Policies = $0
		$0.TextStylePolicy = $1
		$1.inheritsSet = null
		$1.scope = text/x-csharp
		$0.CSharpFormattingPolicy = $2
		$2.inheritsSet = Mono
		$2.inheritsScope = text/x-csharp
		$2.scope = text/x-csharp
		$0.TextStylePolicy = $3
		$3.FileWidth = 120
		$3.TabWidth = 4
		$3.IndentWidth = 4
		$3.EolMarker = Unix
		$3.inheritsSet = Mono
		$3.inheritsScope = text/plain
		$3.scope = text/plain
	EndGlobalSection

EndGlobal
